
Microsoft Visual Studio Solution File, Format Version 12.00
# Visual Studio 15
VisualStudioVersion = 15.0.28307.757
MinimumVisualStudioVersion = 10.0.40219.1
Project("{FAE04EC0-301F-11D3-BF4B-00C04F79EFBC}") = "Divar_UWP", "Divar_UWP\Divar_UWP.csproj", "{DE093330-C15D-47F3-96E8-D04BDCA7C0F1}"
EndProject
Global
	GlobalSection(SolutionConfigurationPlatforms) = preSolution
		Debug|ARM = Debug|ARM
		Debug|ARM64 = Debug|ARM64
		Debug|x64 = Debug|x64
		Debug|x86 = Debug|x86
		Release|ARM = Release|ARM
		Release|ARM64 = Release|ARM64
		Release|x64 = Release|x64
		Release|x86 = Release|x86
	EndGlobalSection
	GlobalSection(ProjectConfigurationPlatforms) = postSolution
		{DE093330-C15D-47F3-96E8-D04BDCA7C0F1}.Debug|ARM.ActiveCfg = Debug|ARM
		{DE093330-C15D-47F3-96E8-D04BDCA7C0F1}.Debug|ARM.Build.0 = Debug|ARM
		{DE093330-C15D-47F3-96E8-D04BDCA7C0F1}.Debug|ARM.Deploy.0 = Debug|ARM
		{DE093330-C15D-47F3-96E8-D04BDCA7C0F1}.Debug|ARM64.ActiveCfg = Debug|ARM64
		{DE093330-C15D-47F3-96E8-D04BDCA7C0F1}.Debug|ARM64.Build.0 = Debug|ARM64
		{DE093330-C15D-47F3-96E8-D04BDCA7C0F1}.Debug|ARM64.Deploy.0 = Debug|ARM64
		{DE093330-C15D-47F3-96E8-D04BDCA7C0F1}.Debug|x64.ActiveCfg = Debug|x64
		{DE093330-C15D-47F3-96E8-D04BDCA7C0F1}.Debug|x64.Build.0 = Debug|x64
		{DE093330-C15D-47F3-96E8-D04BDCA7C0F1}.Debug|x64.Deploy.0 = Debug|x64
		{DE093330-C15D-47F3-96E8-D04BDCA7C0F1}.Debug|x86.ActiveCfg = Debug|x86
		{DE093330-C15D-47F3-96E8-D04BDCA7C0F1}.Debug|x86.Build.0 = Debug|x86
		{DE093330-C15D-47F3-96E8-D04BDCA7C0F1}.Debug|x86.Deploy.0 = Debug|x86
		{DE093330-C15D-47F3-96E8-D04BDCA7C0F1}.Release|ARM.ActiveCfg = Release|ARM
		{DE093330-C15D-47F3-96E8-D04BDCA7C0F1}.Release|ARM.Build.0 = Release|ARM
		{DE093330-C15D-47F3-96E8-D04BDCA7C0F1}.Release|ARM.Deploy.0 = Release|ARM
		{DE093330-C15D-47F3-96E8-D04BDCA7C0F1}.Release|ARM64.ActiveCfg = Release|ARM64
		{DE093330-C15D-47F3-96E8-D04BDCA7C0F1}.Release|ARM64.Build.0 = Release|ARM64
		{DE093330-C15D-47F3-96E8-D04BDCA7C0F1}.Release|ARM64.Deploy.0 = Release|ARM64
		{DE093330-C15D-47F3-96E8-D04BDCA7C0F1}.Release|x64.ActiveCfg = Release|x64
		{DE093330-C15D-47F3-96E8-D04BDCA7C0F1}.Release|x64.Build.0 = Release|x64
		{DE093330-C15D-47F3-96E8-D04BDCA7C0F1}.Release|x64.Deploy.0 = Release|x64
		{DE093330-C15D-47F3-96E8-D04BDCA7C0F1}.Release|x86.ActiveCfg = Release|x86
		{DE093330-C15D-47F3-96E8-D04BDCA7C0F1}.Release|x86.Build.0 = Release|x86
		{DE093330-C15D-47F3-96E8-D04BDCA7C0F1}.Release|x86.Deploy.0 = Release|x86
	EndGlobalSection
	GlobalSection(SolutionProperties) = preSolution
		HideSolutionNode = FALSE
	EndGlobalSection
	GlobalSection(ExtensibilityGlobals) = postSolution
		SolutionGuid = {6589C9DA-7B90-432D-A320-2D896BB32D7E}
	EndGlobalSection
EndGlobal
